
Microsoft Visual Studio Solution File, Format Version 12.00
# Visual Studio 15
VisualStudioVersion = 15.0.28010.2050
MinimumVisualStudioVersion = 10.0.40219.1
Project("{FAE04EC0-301F-11D3-BF4B-00C04F79EFBC}") = "ChatClientWeb", "ChatClientWeb\ChatClientWeb.csproj", "{0E9E95B3-5265-47CA-970C-F35B0384F5EF}"
EndProject
Global
	GlobalSection(SolutionConfigurationPlatforms) = preSolution
		Debug|Any CPU = Debug|Any CPU
		Release|Any CPU = Release|Any CPU
	EndGlobalSection
	GlobalSection(ProjectConfigurationPlatforms) = postSolution
		{0E9E95B3-5265-47CA-970C-F35B0384F5EF}.Debug|Any CPU.ActiveCfg = Debug|Any CPU
		{0E9E95B3-5265-47CA-970C-F35B0384F5EF}.Debug|Any CPU.Build.0 = Debug|Any CPU
		{0E9E95B3-5265-47CA-970C-F35B0384F5EF}.Release|Any CPU.ActiveCfg = Release|Any CPU
		{0E9E95B3-5265-47CA-970C-F35B0384F5EF}.Release|Any CPU.Build.0 = Release|Any CPU
	EndGlobalSection
	GlobalSection(SolutionProperties) = preSolution
		HideSolutionNode = FALSE
	EndGlobalSection
	GlobalSection(ExtensibilityGlobals) = postSolution
		SolutionGuid = {24521685-42D4-4CA9-B36A-BD8D319486D1}
	EndGlobalSection
EndGlobal
